// !$*UTF8*$!
{
	archiveVersion = 1;
	classes = {
	};
	objectVersion = 48;
	objects = {

/* Begin PBXBuildFile section */
		78166FE820628022004AAE52 /* QuickSort.swift in Sources */ = {isa = PBXBuildFile; fileRef = 78166FE720628022004AAE52 /* QuickSort.swift */; };
		78166FED20628D52004AAE52 /* Timing.swift in Sources */ = {isa = PBXBuildFile; fileRef = 78166FEC20628D52004AAE52 /* Timing.swift */; };
		78166FF12062B6D5004AAE52 /* BinaryTree.swift in Sources */ = {isa = PBXBuildFile; fileRef = 78166FF02062B6D5004AAE52 /* BinaryTree.swift */; };
		78166FF520667F4A004AAE52 /* BinaryHeapSort.swift in Sources */ = {isa = PBXBuildFile; fileRef = 78166FF420667F4A004AAE52 /* BinaryHeapSort.swift */; };
		78166FFA20667FF9004AAE52 /* BaseSorting.swift in Sources */ = {isa = PBXBuildFile; fileRef = 78166FF920667FF9004AAE52 /* BaseSorting.swift */; };
		781987EF203E077C00A54A73 /* main.swift in Sources */ = {isa = PBXBuildFile; fileRef = 781987EE203E077C00A54A73 /* main.swift */; };
		781987F6203E079D00A54A73 /* DijkstraAlgorithm.swift in Sources */ = {isa = PBXBuildFile; fileRef = 781987F5203E079D00A54A73 /* DijkstraAlgorithm.swift */; };
		781987FA203F132400A54A73 /* DijkstraTests.swift in Sources */ = {isa = PBXBuildFile; fileRef = 781987F9203F132400A54A73 /* DijkstraTests.swift */; };
		781987FD203F22DF00A54A73 /* FloydWarshallAlgorithm.swift in Sources */ = {isa = PBXBuildFile; fileRef = 781987FC203F22DF00A54A73 /* FloydWarshallAlgorithm.swift */; };
		781987FF203F260600A54A73 /* FloydWarshallTest.swift in Sources */ = {isa = PBXBuildFile; fileRef = 781987FE203F260600A54A73 /* FloydWarshallTest.swift */; };
		787CB80E2067C4620004E897 /* SortingTest.swift in Sources */ = {isa = PBXBuildFile; fileRef = 787CB80D2067C4620004E897 /* SortingTest.swift */; };
		789341A4204C353900D674CF /* BubbleSort.swift in Sources */ = {isa = PBXBuildFile; fileRef = 789341A3204C353900D674CF /* BubbleSort.swift */; };
		789341A9204D310400D674CF /* MergeSort.swift in Sources */ = {isa = PBXBuildFile; fileRef = 789341A8204D310400D674CF /* MergeSort.swift */; };
/* End PBXBuildFile section */

/* Begin PBXCopyFilesBuildPhase section */
		781987E9203E077C00A54A73 /* CopyFiles */ = {
			isa = PBXCopyFilesBuildPhase;
			buildActionMask = 2147483647;
			dstPath = /usr/share/man/man1/;
			dstSubfolderSpec = 0;
			files = (
			);
			runOnlyForDeploymentPostprocessing = 1;
		};
/* End PBXCopyFilesBuildPhase section */

/* Begin PBXFileReference section */
		78166FE720628022004AAE52 /* QuickSort.swift */ = {isa = PBXFileReference; lastKnownFileType = sourcecode.swift; path = QuickSort.swift; sourceTree = "<group>"; };
		78166FEC20628D52004AAE52 /* Timing.swift */ = {isa = PBXFileReference; lastKnownFileType = sourcecode.swift; path = Timing.swift; sourceTree = "<group>"; };
		78166FF02062B6D5004AAE52 /* BinaryTree.swift */ = {isa = PBXFileReference; lastKnownFileType = sourcecode.swift; path = BinaryTree.swift; sourceTree = "<group>"; };
		78166FF420667F4A004AAE52 /* BinaryHeapSort.swift */ = {isa = PBXFileReference; lastKnownFileType = sourcecode.swift; path = BinaryHeapSort.swift; sourceTree = "<group>"; };
		78166FF920667FF9004AAE52 /* BaseSorting.swift */ = {isa = PBXFileReference; lastKnownFileType = sourcecode.swift; path = BaseSorting.swift; sourceTree = "<group>"; };
		781987EB203E077C00A54A73 /* SwiftAlgorithms */ = {isa = PBXFileReference; explicitFileType = "compiled.mach-o.executable"; includeInIndex = 0; path = SwiftAlgorithms; sourceTree = BUILT_PRODUCTS_DIR; };
		781987EE203E077C00A54A73 /* main.swift */ = {isa = PBXFileReference; lastKnownFileType = sourcecode.swift; path = main.swift; sourceTree = "<group>"; };
		781987F5203E079D00A54A73 /* DijkstraAlgorithm.swift */ = {isa = PBXFileReference; lastKnownFileType = sourcecode.swift; path = DijkstraAlgorithm.swift; sourceTree = "<group>"; };
		781987F9203F132400A54A73 /* DijkstraTests.swift */ = {isa = PBXFileReference; lastKnownFileType = sourcecode.swift; path = DijkstraTests.swift; sourceTree = "<group>"; };
		781987FC203F22DF00A54A73 /* FloydWarshallAlgorithm.swift */ = {isa = PBXFileReference; lastKnownFileType = sourcecode.swift; path = FloydWarshallAlgorithm.swift; sourceTree = "<group>"; };
		781987FE203F260600A54A73 /* FloydWarshallTest.swift */ = {isa = PBXFileReference; lastKnownFileType = sourcecode.swift; path = FloydWarshallTest.swift; sourceTree = "<group>"; };
		787CB80D2067C4620004E897 /* SortingTest.swift */ = {isa = PBXFileReference; lastKnownFileType = sourcecode.swift; path = SortingTest.swift; sourceTree = "<group>"; };
		789341A3204C353900D674CF /* BubbleSort.swift */ = {isa = PBXFileReference; lastKnownFileType = sourcecode.swift; path = BubbleSort.swift; sourceTree = "<group>"; };
		789341A8204D310400D674CF /* MergeSort.swift */ = {isa = PBXFileReference; lastKnownFileType = sourcecode.swift; path = MergeSort.swift; sourceTree = "<group>"; };
/* End PBXFileReference section */

/* Begin PBXFrameworksBuildPhase section */
		781987E8203E077C00A54A73 /* Frameworks */ = {
			isa = PBXFrameworksBuildPhase;
			buildActionMask = 2147483647;
			files = (
			);
			runOnlyForDeploymentPostprocessing = 0;
		};
/* End PBXFrameworksBuildPhase section */

/* Begin PBXGroup section */
		78166FE620628011004AAE52 /* Quick */ = {
			isa = PBXGroup;
			children = (
				78166FE720628022004AAE52 /* QuickSort.swift */,
			);
			path = Quick;
			sourceTree = "<group>";
		};
		78166FEB20628D44004AAE52 /* Helpers */ = {
			isa = PBXGroup;
			children = (
				78166FEC20628D52004AAE52 /* Timing.swift */,
			);
			path = Helpers;
			sourceTree = "<group>";
		};
		78166FEF2062B6BC004AAE52 /* Simple Binary */ = {
			isa = PBXGroup;
			children = (
				78166FF02062B6D5004AAE52 /* BinaryTree.swift */,
			);
			path = "Simple Binary";
			sourceTree = "<group>";
		};
		78166FF320667F2E004AAE52 /* Binary Heap */ = {
			isa = PBXGroup;
			children = (
				78166FF420667F4A004AAE52 /* BinaryHeapSort.swift */,
			);
			path = "Binary Heap";
			sourceTree = "<group>";
		};
		78166FF820667FD6004AAE52 /* Base Sorting */ = {
			isa = PBXGroup;
			children = (
				78166FF920667FF9004AAE52 /* BaseSorting.swift */,
				787CB80D2067C4620004E897 /* SortingTest.swift */,
			);
			path = "Base Sorting";
			sourceTree = "<group>";
		};
		781987E2203E077C00A54A73 = {
			isa = PBXGroup;
			children = (
				781987ED203E077C00A54A73 /* SwiftAlgorithms */,
				781987EC203E077C00A54A73 /* Products */,
			);
			sourceTree = "<group>";
		};
		781987EC203E077C00A54A73 /* Products */ = {
			isa = PBXGroup;
			children = (
				781987EB203E077C00A54A73 /* SwiftAlgorithms */,
			);
			name = Products;
			sourceTree = "<group>";
		};
		781987ED203E077C00A54A73 /* SwiftAlgorithms */ = {
			isa = PBXGroup;
			children = (
				78166FEB20628D44004AAE52 /* Helpers */,
				789341AC204D9FED00D674CF /* Trees */,
				789341A1204C351C00D674CF /* Sorting */,
				781987F8203F130B00A54A73 /* Graphs */,
				781987EE203E077C00A54A73 /* main.swift */,
			);
			path = SwiftAlgorithms;
			sourceTree = "<group>";
		};
		781987F7203F130200A54A73 /* Dijkstra */ = {
			isa = PBXGroup;
			children = (
				781987F5203E079D00A54A73 /* DijkstraAlgorithm.swift */,
				781987F9203F132400A54A73 /* DijkstraTests.swift */,
			);
			path = Dijkstra;
			sourceTree = "<group>";
		};
		781987F8203F130B00A54A73 /* Graphs */ = {
			isa = PBXGroup;
			children = (
				781987FB203F22A700A54A73 /* Floyd-Warshall */,
				781987F7203F130200A54A73 /* Dijkstra */,
			);
			path = Graphs;
			sourceTree = "<group>";
		};
		781987FB203F22A700A54A73 /* Floyd-Warshall */ = {
			isa = PBXGroup;
			children = (
				781987FC203F22DF00A54A73 /* FloydWarshallAlgorithm.swift */,
				781987FE203F260600A54A73 /* FloydWarshallTest.swift */,
			);
			path = "Floyd-Warshall";
			sourceTree = "<group>";
		};
		789341A1204C351C00D674CF /* Sorting */ = {
			isa = PBXGroup;
			children = (
				78166FF820667FD6004AAE52 /* Base Sorting */,
				78166FF320667F2E004AAE52 /* Binary Heap */,
				78166FE620628011004AAE52 /* Quick */,
				789341A7204D30F400D674CF /* Merge */,
				789341A2204C352600D674CF /* Bubble */,
			);
			path = Sorting;
			sourceTree = "<group>";
		};
		789341A2204C352600D674CF /* Bubble */ = {
			isa = PBXGroup;
			children = (
				789341A3204C353900D674CF /* BubbleSort.swift */,
			);
			path = Bubble;
			sourceTree = "<group>";
		};
		789341A7204D30F400D674CF /* Merge */ = {
			isa = PBXGroup;
			children = (
				789341A8204D310400D674CF /* MergeSort.swift */,
			);
			path = Merge;
			sourceTree = "<group>";
		};
		789341AC204D9FED00D674CF /* Trees */ = {
			isa = PBXGroup;
			children = (
				78166FEF2062B6BC004AAE52 /* Simple Binary */,
			);
			path = Trees;
			sourceTree = "<group>";
		};
/* End PBXGroup section */

/* Begin PBXNativeTarget section */
		781987EA203E077C00A54A73 /* SwiftAlgorithms */ = {
			isa = PBXNativeTarget;
			buildConfigurationList = 781987F2203E077C00A54A73 /* Build configuration list for PBXNativeTarget "SwiftAlgorithms" */;
			buildPhases = (
				781987E7203E077C00A54A73 /* Sources */,
				781987E8203E077C00A54A73 /* Frameworks */,
				781987E9203E077C00A54A73 /* CopyFiles */,
			);
			buildRules = (
			);
			dependencies = (
			);
			name = SwiftAlgorithms;
			productName = SwiftAlgorithms;
			productReference = 781987EB203E077C00A54A73 /* SwiftAlgorithms */;
			productType = "com.apple.product-type.tool";
		};
/* End PBXNativeTarget section */

/* Begin PBXProject section */
		781987E3203E077C00A54A73 /* Project object */ = {
			isa = PBXProject;
			attributes = {
				LastSwiftUpdateCheck = 0920;
				LastUpgradeCheck = 0920;
				ORGANIZATIONNAME = "Kartupelis, John";
				TargetAttributes = {
					781987EA203E077C00A54A73 = {
						CreatedOnToolsVersion = 9.2;
						ProvisioningStyle = Automatic;
					};
				};
			};
			buildConfigurationList = 781987E6203E077C00A54A73 /* Build configuration list for PBXProject "SwiftAlgorithms" */;
			compatibilityVersion = "Xcode 8.0";
			developmentRegion = en;
			hasScannedForEncodings = 0;
			knownRegions = (
				en,
			);
			mainGroup = 781987E2203E077C00A54A73;
			productRefGroup = 781987EC203E077C00A54A73 /* Products */;
			projectDirPath = "";
			projectRoot = "";
			targets = (
				781987EA203E077C00A54A73 /* SwiftAlgorithms */,
			);
		};
/* End PBXProject section */

/* Begin PBXSourcesBuildPhase section */
		781987E7203E077C00A54A73 /* Sources */ = {
			isa = PBXSourcesBuildPhase;
			buildActionMask = 2147483647;
			files = (
				781987FA203F132400A54A73 /* DijkstraTests.swift in Sources */,
				78166FE820628022004AAE52 /* QuickSort.swift in Sources */,
				781987FF203F260600A54A73 /* FloydWarshallTest.swift in Sources */,
				789341A9204D310400D674CF /* MergeSort.swift in Sources */,
				781987EF203E077C00A54A73 /* main.swift in Sources */,
				781987FD203F22DF00A54A73 /* FloydWarshallAlgorithm.swift in Sources */,
				78166FF520667F4A004AAE52 /* BinaryHeapSort.swift in Sources */,
				78166FED20628D52004AAE52 /* Timing.swift in Sources */,
				781987F6203E079D00A54A73 /* DijkstraAlgorithm.swift in Sources */,
				78166FF12062B6D5004AAE52 /* BinaryTree.swift in Sources */,
				789341A4204C353900D674CF /* BubbleSort.swift in Sources */,
				78166FFA20667FF9004AAE52 /* BaseSorting.swift in Sources */,
				787CB80E2067C4620004E897 /* SortingTest.swift in Sources */,
			);
			runOnlyForDeploymentPostprocessing = 0;
		};
/* End PBXSourcesBuildPhase section */

/* Begin XCBuildConfiguration section */
		781987F0203E077C00A54A73 /* Debug */ = {
			isa = XCBuildConfiguration;
			buildSettings = {
				ALWAYS_SEARCH_USER_PATHS = NO;
				CLANG_ANALYZER_NONNULL = YES;
				CLANG_ANALYZER_NUMBER_OBJECT_CONVERSION = YES_AGGRESSIVE;
				CLANG_CXX_LANGUAGE_STANDARD = "gnu++14";
				CLANG_CXX_LIBRARY = "libc++";
				CLANG_ENABLE_MODULES = YES;
				CLANG_ENABLE_OBJC_ARC = YES;
				CLANG_WARN_BLOCK_CAPTURE_AUTORELEASING = YES;
				CLANG_WARN_BOOL_CONVERSION = YES;
				CLANG_WARN_COMMA = YES;
				CLANG_WARN_CONSTANT_CONVERSION = YES;
				CLANG_WARN_DIRECT_OBJC_ISA_USAGE = YES_ERROR;
				CLANG_WARN_DOCUMENTATION_COMMENTS = YES;
				CLANG_WARN_EMPTY_BODY = YES;
				CLANG_WARN_ENUM_CONVERSION = YES;
				CLANG_WARN_INFINITE_RECURSION = YES;
				CLANG_WARN_INT_CONVERSION = YES;
				CLANG_WARN_NON_LITERAL_NULL_CONVERSION = YES;
				CLANG_WARN_OBJC_LITERAL_CONVERSION = YES;
				CLANG_WARN_OBJC_ROOT_CLASS = YES_ERROR;
				CLANG_WARN_RANGE_LOOP_ANALYSIS = YES;
				CLANG_WARN_STRICT_PROTOTYPES = YES;
				CLANG_WARN_SUSPICIOUS_MOVE = YES;
				CLANG_WARN_UNGUARDED_AVAILABILITY = YES_AGGRESSIVE;
				CLANG_WARN_UNREACHABLE_CODE = YES;
				CLANG_WARN__DUPLICATE_METHOD_MATCH = YES;
				CODE_SIGN_IDENTITY = "Mac Developer";
				COPY_PHASE_STRIP = NO;
				DEBUG_INFORMATION_FORMAT = dwarf;
				ENABLE_STRICT_OBJC_MSGSEND = YES;
				ENABLE_TESTABILITY = YES;
				GCC_C_LANGUAGE_STANDARD = gnu11;
				GCC_DYNAMIC_NO_PIC = NO;
				GCC_NO_COMMON_BLOCKS = YES;
				GCC_OPTIMIZATION_LEVEL = 0;
				GCC_PREPROCESSOR_DEFINITIONS = (
					"DEBUG=1",
					"$(inherited)",
				);
				GCC_WARN_64_TO_32_BIT_CONVERSION = YES;
				GCC_WARN_ABOUT_RETURN_TYPE = YES_ERROR;
				GCC_WARN_UNDECLARED_SELECTOR = YES;
				GCC_WARN_UNINITIALIZED_AUTOS = YES_AGGRESSIVE;
				GCC_WARN_UNUSED_FUNCTION = YES;
				GCC_WARN_UNUSED_VARIABLE = YES;
				MACOSX_DEPLOYMENT_TARGET = 10.12;
				MTL_ENABLE_DEBUG_INFO = YES;
				ONLY_ACTIVE_ARCH = YES;
				SDKROOT = macosx;
				SWIFT_ACTIVE_COMPILATION_CONDITIONS = DEBUG;
				SWIFT_OPTIMIZATION_LEVEL = "-Onone";
			};
			name = Debug;
		};
		781987F1203E077C00A54A73 /* Release */ = {
			isa = XCBuildConfiguration;
			buildSettings = {
				ALWAYS_SEARCH_USER_PATHS = NO;
				CLANG_ANALYZER_NONNULL = YES;
				CLANG_ANALYZER_NUMBER_OBJECT_CONVERSION = YES_AGGRESSIVE;
				CLANG_CXX_LANGUAGE_STANDARD = "gnu++14";
				CLANG_CXX_LIBRARY = "libc++";
				CLANG_ENABLE_MODULES = YES;
				CLANG_ENABLE_OBJC_ARC = YES;
				CLANG_WARN_BLOCK_CAPTURE_AUTORELEASING = YES;
				CLANG_WARN_BOOL_CONVERSION = YES;
				CLANG_WARN_COMMA = YES;
				CLANG_WARN_CONSTANT_CONVERSION = YES;
				CLANG_WARN_DIRECT_OBJC_ISA_USAGE = YES_ERROR;
				CLANG_WARN_DOCUMENTATION_COMMENTS = YES;
				CLANG_WARN_EMPTY_BODY = YES;
				CLANG_WARN_ENUM_CONVERSION = YES;
				CLANG_WARN_INFINITE_RECURSION = YES;
				CLANG_WARN_INT_CONVERSION = YES;
				CLANG_WARN_NON_LITERAL_NULL_CONVERSION = YES;
				CLANG_WARN_OBJC_LITERAL_CONVERSION = YES;
				CLANG_WARN_OBJC_ROOT_CLASS = YES_ERROR;
				CLANG_WARN_RANGE_LOOP_ANALYSIS = YES;
				CLANG_WARN_STRICT_PROTOTYPES = YES;
				CLANG_WARN_SUSPICIOUS_MOVE = YES;
				CLANG_WARN_UNGUARDED_AVAILABILITY = YES_AGGRESSIVE;
				CLANG_WARN_UNREACHABLE_CODE = YES;
				CLANG_WARN__DUPLICATE_METHOD_MATCH = YES;
				CODE_SIGN_IDENTITY = "Mac Developer";
				COPY_PHASE_STRIP = NO;
				DEBUG_INFORMATION_FORMAT = "dwarf-with-dsym";
				ENABLE_NS_ASSERTIONS = NO;
				ENABLE_STRICT_OBJC_MSGSEND = YES;
				GCC_C_LANGUAGE_STANDARD = gnu11;
				GCC_NO_COMMON_BLOCKS = YES;
				GCC_WARN_64_TO_32_BIT_CONVERSION = YES;
				GCC_WARN_ABOUT_RETURN_TYPE = YES_ERROR;
				GCC_WARN_UNDECLARED_SELECTOR = YES;
				GCC_WARN_UNINITIALIZED_AUTOS = YES_AGGRESSIVE;
				GCC_WARN_UNUSED_FUNCTION = YES;
				GCC_WARN_UNUSED_VARIABLE = YES;
				MACOSX_DEPLOYMENT_TARGET = 10.12;
				MTL_ENABLE_DEBUG_INFO = NO;
				SDKROOT = macosx;
				SWIFT_OPTIMIZATION_LEVEL = "-Owholemodule";
			};
			name = Release;
		};
		781987F3203E077C00A54A73 /* Debug */ = {
			isa = XCBuildConfiguration;
			buildSettings = {
				CODE_SIGN_STYLE = Automatic;
				DEVELOPMENT_TEAM = 6DGGA4GWZR;
				PRODUCT_NAME = "$(TARGET_NAME)";
				SWIFT_VERSION = 4.0;
			};
			name = Debug;
		};
		781987F4203E077C00A54A73 /* Release */ = {
			isa = XCBuildConfiguration;
			buildSettings = {
				CODE_SIGN_STYLE = Automatic;
				DEVELOPMENT_TEAM = 6DGGA4GWZR;
				PRODUCT_NAME = "$(TARGET_NAME)";
				SWIFT_VERSION = 4.0;
			};
			name = Release;
		};
/* End XCBuildConfiguration section */

/* Begin XCConfigurationList section */
		781987E6203E077C00A54A73 /* Build configuration list for PBXProject "SwiftAlgorithms" */ = {
			isa = XCConfigurationList;
			buildConfigurations = (
				781987F0203E077C00A54A73 /* Debug */,
				781987F1203E077C00A54A73 /* Release */,
			);
			defaultConfigurationIsVisible = 0;
			defaultConfigurationName = Release;
		};
		781987F2203E077C00A54A73 /* Build configuration list for PBXNativeTarget "SwiftAlgorithms" */ = {
			isa = XCConfigurationList;
			buildConfigurations = (
				781987F3203E077C00A54A73 /* Debug */,
				781987F4203E077C00A54A73 /* Release */,
			);
			defaultConfigurationIsVisible = 0;
			defaultConfigurationName = Release;
		};
/* End XCConfigurationList section */
	};
	rootObject = 781987E3203E077C00A54A73 /* Project object */;
}
